
Microsoft Visual Studio Solution File, Format Version 12.00
# Visual Studio 15
VisualStudioVersion = 15.0.27130.2027
MinimumVisualStudioVersion = 10.0.40219.1
Project("{FAE04EC0-301F-11D3-BF4B-00C04F79EFBC}") = "CourseWork", "CourseWork\CourseWork.csproj", "{5CBE8984-FA49-49F7-A6EA-C5907595E72E}"
EndProject
Global
	GlobalSection(SolutionConfigurationPlatforms) = preSolution
		Debug|Any CPU = Debug|Any CPU
		Release|Any CPU = Release|Any CPU
	EndGlobalSection
	GlobalSection(ProjectConfigurationPlatforms) = postSolution
		{5CBE8984-FA49-49F7-A6EA-C5907595E72E}.Debug|Any CPU.ActiveCfg = Debug|Any CPU
		{5CBE8984-FA49-49F7-A6EA-C5907595E72E}.Debug|Any CPU.Build.0 = Debug|Any CPU
		{5CBE8984-FA49-49F7-A6EA-C5907595E72E}.Release|Any CPU.ActiveCfg = Release|Any CPU
		{5CBE8984-FA49-49F7-A6EA-C5907595E72E}.Release|Any CPU.Build.0 = Release|Any CPU
	EndGlobalSection
	GlobalSection(SolutionProperties) = preSolution
		HideSolutionNode = FALSE
	EndGlobalSection
	GlobalSection(ExtensibilityGlobals) = postSolution
		SolutionGuid = {13FFB4E0-B1D0-44AB-A0ED-48195A9DAAB3}
	EndGlobalSection
EndGlobal
